
Microsoft Visual Studio Solution File, Format Version 12.00
# Visual Studio 15
VisualStudioVersion = 15.0.28307.106
MinimumVisualStudioVersion = 10.0.40219.1
Project("{8BC9CEB8-8B4A-11D0-8D11-00A0C91BC942}") = "02", "02\02.vcxproj", "{EFEE9542-9B5D-4F0A-925C-AD1436CD735C}"
EndProject
Project("{8BC9CEB8-8B4A-11D0-8D11-00A0C91BC942}") = "03", "03\03.vcxproj", "{63928E6B-25BB-4EAC-BF26-66B0A6CF96C7}"
EndProject
Project("{8BC9CEB8-8B4A-11D0-8D11-00A0C91BC942}") = "04", "04\04.vcxproj", "{77E77777-55AC-4EA9-95BB-FD7FDBD73090}"
EndProject
Project("{8BC9CEB8-8B4A-11D0-8D11-00A0C91BC942}") = "05", "05\05.vcxproj", "{199E9E6D-5107-4EC4-AC0A-6EDEFC81675B}"
EndProject
Global
	GlobalSection(SolutionConfigurationPlatforms) = preSolution
		Debug|x64 = Debug|x64
		Debug|x86 = Debug|x86
		Release|x64 = Release|x64
		Release|x86 = Release|x86
	EndGlobalSection
	GlobalSection(ProjectConfigurationPlatforms) = postSolution
		{EFEE9542-9B5D-4F0A-925C-AD1436CD735C}.Debug|x64.ActiveCfg = Debug|x64
		{EFEE9542-9B5D-4F0A-925C-AD1436CD735C}.Debug|x64.Build.0 = Debug|x64
		{EFEE9542-9B5D-4F0A-925C-AD1436CD735C}.Debug|x86.ActiveCfg = Debug|Win32
		{EFEE9542-9B5D-4F0A-925C-AD1436CD735C}.Debug|x86.Build.0 = Debug|Win32
		{EFEE9542-9B5D-4F0A-925C-AD1436CD735C}.Release|x64.ActiveCfg = Release|x64
		{EFEE9542-9B5D-4F0A-925C-AD1436CD735C}.Release|x64.Build.0 = Release|x64
		{EFEE9542-9B5D-4F0A-925C-AD1436CD735C}.Release|x86.ActiveCfg = Release|Win32
		{EFEE9542-9B5D-4F0A-925C-AD1436CD735C}.Release|x86.Build.0 = Release|Win32
		{63928E6B-25BB-4EAC-BF26-66B0A6CF96C7}.Debug|x64.ActiveCfg = Debug|x64
		{63928E6B-25BB-4EAC-BF26-66B0A6CF96C7}.Debug|x64.Build.0 = Debug|x64
		{63928E6B-25BB-4EAC-BF26-66B0A6CF96C7}.Debug|x86.ActiveCfg = Debug|Win32
		{63928E6B-25BB-4EAC-BF26-66B0A6CF96C7}.Debug|x86.Build.0 = Debug|Win32
		{63928E6B-25BB-4EAC-BF26-66B0A6CF96C7}.Release|x64.ActiveCfg = Release|x64
		{63928E6B-25BB-4EAC-BF26-66B0A6CF96C7}.Release|x64.Build.0 = Release|x64
		{63928E6B-25BB-4EAC-BF26-66B0A6CF96C7}.Release|x86.ActiveCfg = Release|Win32
		{63928E6B-25BB-4EAC-BF26-66B0A6CF96C7}.Release|x86.Build.0 = Release|Win32
		{77E77777-55AC-4EA9-95BB-FD7FDBD73090}.Debug|x64.ActiveCfg = Debug|x64
		{77E77777-55AC-4EA9-95BB-FD7FDBD73090}.Debug|x64.Build.0 = Debug|x64
		{77E77777-55AC-4EA9-95BB-FD7FDBD73090}.Debug|x86.ActiveCfg = Debug|Win32
		{77E77777-55AC-4EA9-95BB-FD7FDBD73090}.Debug|x86.Build.0 = Debug|Win32
		{77E77777-55AC-4EA9-95BB-FD7FDBD73090}.Release|x64.ActiveCfg = Release|x64
		{77E77777-55AC-4EA9-95BB-FD7FDBD73090}.Release|x64.Build.0 = Release|x64
		{77E77777-55AC-4EA9-95BB-FD7FDBD73090}.Release|x86.ActiveCfg = Release|Win32
		{77E77777-55AC-4EA9-95BB-FD7FDBD73090}.Release|x86.Build.0 = Release|Win32
		{199E9E6D-5107-4EC4-AC0A-6EDEFC81675B}.Debug|x64.ActiveCfg = Debug|x64
		{199E9E6D-5107-4EC4-AC0A-6EDEFC81675B}.Debug|x64.Build.0 = Debug|x64
		{199E9E6D-5107-4EC4-AC0A-6EDEFC81675B}.Debug|x86.ActiveCfg = Debug|Win32
		{199E9E6D-5107-4EC4-AC0A-6EDEFC81675B}.Debug|x86.Build.0 = Debug|Win32
		{199E9E6D-5107-4EC4-AC0A-6EDEFC81675B}.Release|x64.ActiveCfg = Release|x64
		{199E9E6D-5107-4EC4-AC0A-6EDEFC81675B}.Release|x64.Build.0 = Release|x64
		{199E9E6D-5107-4EC4-AC0A-6EDEFC81675B}.Release|x86.ActiveCfg = Release|Win32
		{199E9E6D-5107-4EC4-AC0A-6EDEFC81675B}.Release|x86.Build.0 = Release|Win32
	EndGlobalSection
	GlobalSection(SolutionProperties) = preSolution
		HideSolutionNode = FALSE
	EndGlobalSection
	GlobalSection(ExtensibilityGlobals) = postSolution
		SolutionGuid = {B2E5D26C-6219-42D1-99D2-8B98CB7A9156}
	EndGlobalSection
EndGlobal
